{
  "name": "proxy",
  "version": "1.0.0",
  "lockfileVersion": 1,
  "requires": true,
  "dependencies": {
    "cors-anywhere": {
      "version": "0.4.1",
      "resolved": "https://registry.npm.taobao.org/cors-anywhere/download/cors-anywhere-0.4.1.tgz",
      "integrity": "sha1-lVc6U1Fs2QweuwXi9dxIpzXZcOg=",
      "requires": {
        "http-proxy": "1.11.1",
        "proxy-from-env": "0.0.1"
      }
    },
    "eventemitter3": {
      "version": "1.2.0",
      "resolved": "https://registry.npm.taobao.org/eventemitter3/download/eventemitter3-1.2.0.tgz",
      "integrity": "sha1-HIaZHYFq0eUEdQ5zh0Ik7PO+xQg="
    },
    "http-proxy": {
      "version": "1.11.1",
      "resolved": "https://registry.npm.taobao.org/http-proxy/download/http-proxy-1.11.1.tgz",
      "integrity": "sha1-cd9VdX6ALVjqgQ3yJEAZ3aBa6F0=",
      "requires": {
        "eventemitter3": "1.x.x",
        "requires-port": "0.x.x"
      }
    },
    "proxy-from-env": {
      "version": "0.0.1",
      "resolved": "https://registry.npm.taobao.org/proxy-from-env/download/proxy-from-env-0.0.1.tgz?cache=0&other_urls=https%3A%2F%2Fregistry.npm.taobao.org%2Fproxy-from-env%2Fdownload%2Fproxy-from-env-0.0.1.tgz",
      "integrity": "sha1-snxJRunm1dutt1mKZDXTAUxM/Uk="
    },
    "requires-port": {
      "version": "0.0.1",
      "resolved": "https://registry.npm.taobao.org/requires-port/download/requires-port-0.0.1.tgz",
      "integrity": "sha1-S0QUQR2d98hVmV3YmajHiilRwW0="
    }
  }
}
